
Microsoft Visual Studio Solution File, Format Version 12.00
# Visual Studio Version 17
VisualStudioVersion = 17.9.34616.47
MinimumVisualStudioVersion = 10.0.40219.1
Project("{FAE04EC0-301F-11D3-BF4B-00C04F79EFBC}") = "InitiumSolutionsTask", "InitiumSolutionsTask\InitiumSolutionsTask.csproj", "{4A821624-D65E-49C9-B38E-25319AB6CBFB}"
EndProject
Global
	GlobalSection(SolutionConfigurationPlatforms) = preSolution
		Debug|Any CPU = Debug|Any CPU
		Release|Any CPU = Release|Any CPU
	EndGlobalSection
	GlobalSection(ProjectConfigurationPlatforms) = postSolution
		{4A821624-D65E-49C9-B38E-25319AB6CBFB}.Debug|Any CPU.ActiveCfg = Debug|Any CPU
		{4A821624-D65E-49C9-B38E-25319AB6CBFB}.Debug|Any CPU.Build.0 = Debug|Any CPU
		{4A821624-D65E-49C9-B38E-25319AB6CBFB}.Release|Any CPU.ActiveCfg = Release|Any CPU
		{4A821624-D65E-49C9-B38E-25319AB6CBFB}.Release|Any CPU.Build.0 = Release|Any CPU
	EndGlobalSection
	GlobalSection(SolutionProperties) = preSolution
		HideSolutionNode = FALSE
	EndGlobalSection
	GlobalSection(ExtensibilityGlobals) = postSolution
		SolutionGuid = {110A2810-0289-4AF8-B7B1-028ADB56F517}
	EndGlobalSection
EndGlobal
